
Microsoft Visual Studio Solution File, Format Version 12.00
# Visual Studio 2012
Project("{FAE04EC0-301F-11D3-BF4B-00C04F79EFBC}") = "TestNUnitWeb", "TestNUnitWeb\TestNUnitWeb.csproj", "{9A0BE8AD-7FCD-424A-A4FE-769FD3FF5713}"
EndProject
Project("{FAE04EC0-301F-11D3-BF4B-00C04F79EFBC}") = "TestNUnitWeb_test.Test", "ClassLibrary1.Test\TestNUnitWeb_test.Test.csproj", "{484DF4D8-C0AD-4552-856B-B11484CF3CCF}"
EndProject
Global
	GlobalSection(SolutionConfigurationPlatforms) = preSolution
		Debug|Any CPU = Debug|Any CPU
		Release|Any CPU = Release|Any CPU
	EndGlobalSection
	GlobalSection(ProjectConfigurationPlatforms) = postSolution
		{9A0BE8AD-7FCD-424A-A4FE-769FD3FF5713}.Debug|Any CPU.ActiveCfg = Debug|Any CPU
		{9A0BE8AD-7FCD-424A-A4FE-769FD3FF5713}.Debug|Any CPU.Build.0 = Debug|Any CPU
		{9A0BE8AD-7FCD-424A-A4FE-769FD3FF5713}.Release|Any CPU.ActiveCfg = Release|Any CPU
		{9A0BE8AD-7FCD-424A-A4FE-769FD3FF5713}.Release|Any CPU.Build.0 = Release|Any CPU
		{484DF4D8-C0AD-4552-856B-B11484CF3CCF}.Debug|Any CPU.ActiveCfg = Debug|Any CPU
		{484DF4D8-C0AD-4552-856B-B11484CF3CCF}.Debug|Any CPU.Build.0 = Debug|Any CPU
		{484DF4D8-C0AD-4552-856B-B11484CF3CCF}.Release|Any CPU.ActiveCfg = Release|Any CPU
		{484DF4D8-C0AD-4552-856B-B11484CF3CCF}.Release|Any CPU.Build.0 = Release|Any CPU
	EndGlobalSection
	GlobalSection(SolutionProperties) = preSolution
		HideSolutionNode = FALSE
	EndGlobalSection
EndGlobal
